
Microsoft Visual Studio Solution File, Format Version 12.00
# Visual Studio 2013
VisualStudioVersion = 12.0.30723.0
MinimumVisualStudioVersion = 10.0.40219.1
Project("{FAE04EC0-301F-11D3-BF4B-00C04F79EFBC}") = "AiDiDesign.Models", "AiDiDesign.Modelsl\AiDiDesign.Models.csproj", "{3BD35EFA-B3FF-4E70-B70B-A4C6B80286C6}"
EndProject
Project("{FAE04EC0-301F-11D3-BF4B-00C04F79EFBC}") = "AiDiDesign.Web", "AiDiDesign.Web\AiDiDesign.Web.csproj", "{F8E53AED-5501-4C65-BBF3-4EE05B75113D}"
EndProject
Project("{FAE04EC0-301F-11D3-BF4B-00C04F79EFBC}") = "AiDiDesign.Web.Tests", "AiDiDesign.Web.Tests\AiDiDesign.Web.Tests.csproj", "{A3984FC3-F744-4BEA-9E50-F416693887F3}"
EndProject
Global
	GlobalSection(SolutionConfigurationPlatforms) = preSolution
		Debug|Any CPU = Debug|Any CPU
		Release|Any CPU = Release|Any CPU
	EndGlobalSection
	GlobalSection(ProjectConfigurationPlatforms) = postSolution
		{3BD35EFA-B3FF-4E70-B70B-A4C6B80286C6}.Debug|Any CPU.ActiveCfg = Debug|Any CPU
		{3BD35EFA-B3FF-4E70-B70B-A4C6B80286C6}.Debug|Any CPU.Build.0 = Debug|Any CPU
		{3BD35EFA-B3FF-4E70-B70B-A4C6B80286C6}.Release|Any CPU.ActiveCfg = Release|Any CPU
		{3BD35EFA-B3FF-4E70-B70B-A4C6B80286C6}.Release|Any CPU.Build.0 = Release|Any CPU
		{F8E53AED-5501-4C65-BBF3-4EE05B75113D}.Debug|Any CPU.ActiveCfg = Debug|Any CPU
		{F8E53AED-5501-4C65-BBF3-4EE05B75113D}.Debug|Any CPU.Build.0 = Debug|Any CPU
		{F8E53AED-5501-4C65-BBF3-4EE05B75113D}.Release|Any CPU.ActiveCfg = Release|Any CPU
		{F8E53AED-5501-4C65-BBF3-4EE05B75113D}.Release|Any CPU.Build.0 = Release|Any CPU
		{A3984FC3-F744-4BEA-9E50-F416693887F3}.Debug|Any CPU.ActiveCfg = Debug|Any CPU
		{A3984FC3-F744-4BEA-9E50-F416693887F3}.Debug|Any CPU.Build.0 = Debug|Any CPU
		{A3984FC3-F744-4BEA-9E50-F416693887F3}.Release|Any CPU.ActiveCfg = Release|Any CPU
		{A3984FC3-F744-4BEA-9E50-F416693887F3}.Release|Any CPU.Build.0 = Release|Any CPU
	EndGlobalSection
	GlobalSection(SolutionProperties) = preSolution
		HideSolutionNode = FALSE
	EndGlobalSection
EndGlobal
